
Microsoft Visual Studio Solution File, Format Version 12.00
# Visual Studio Version 17
VisualStudioVersion = 17.12.35707.178 d17.12
MinimumVisualStudioVersion = 10.0.40219.1
Project("{FAE04EC0-301F-11D3-BF4B-00C04F79EFBC}") = "CapaPresentacion", "Producto\CapaPresentacion.csproj", "{7DBEFA2D-0221-4B13-B005-3F7C62517ED4}"
EndProject
Project("{FAE04EC0-301F-11D3-BF4B-00C04F79EFBC}") = "CapaDatos", "CapaDatos\CapaDatos.csproj", "{1C9509BA-BF39-41CF-826B-C61FB6BE39A7}"
EndProject
Project("{FAE04EC0-301F-11D3-BF4B-00C04F79EFBC}") = "CapaEntidad", "CapaEntidad\CapaEntidad.csproj", "{377E4E76-169C-494D-9378-3851427B56B5}"
EndProject
Project("{FAE04EC0-301F-11D3-BF4B-00C04F79EFBC}") = "CapaNegocio", "CapaNegocio\CapaNegocio.csproj", "{101D001D-C6B7-4AC4-B7E0-EDF490EBA20B}"
EndProject
Global
	GlobalSection(SolutionConfigurationPlatforms) = preSolution
		Debug|Any CPU = Debug|Any CPU
		Release|Any CPU = Release|Any CPU
	EndGlobalSection
	GlobalSection(ProjectConfigurationPlatforms) = postSolution
		{7DBEFA2D-0221-4B13-B005-3F7C62517ED4}.Debug|Any CPU.ActiveCfg = Debug|Any CPU
		{7DBEFA2D-0221-4B13-B005-3F7C62517ED4}.Debug|Any CPU.Build.0 = Debug|Any CPU
		{7DBEFA2D-0221-4B13-B005-3F7C62517ED4}.Release|Any CPU.ActiveCfg = Release|Any CPU
		{7DBEFA2D-0221-4B13-B005-3F7C62517ED4}.Release|Any CPU.Build.0 = Release|Any CPU
		{1C9509BA-BF39-41CF-826B-C61FB6BE39A7}.Debug|Any CPU.ActiveCfg = Debug|Any CPU
		{1C9509BA-BF39-41CF-826B-C61FB6BE39A7}.Debug|Any CPU.Build.0 = Debug|Any CPU
		{1C9509BA-BF39-41CF-826B-C61FB6BE39A7}.Release|Any CPU.ActiveCfg = Release|Any CPU
		{1C9509BA-BF39-41CF-826B-C61FB6BE39A7}.Release|Any CPU.Build.0 = Release|Any CPU
		{377E4E76-169C-494D-9378-3851427B56B5}.Debug|Any CPU.ActiveCfg = Debug|Any CPU
		{377E4E76-169C-494D-9378-3851427B56B5}.Debug|Any CPU.Build.0 = Debug|Any CPU
		{377E4E76-169C-494D-9378-3851427B56B5}.Release|Any CPU.ActiveCfg = Release|Any CPU
		{377E4E76-169C-494D-9378-3851427B56B5}.Release|Any CPU.Build.0 = Release|Any CPU
		{101D001D-C6B7-4AC4-B7E0-EDF490EBA20B}.Debug|Any CPU.ActiveCfg = Debug|Any CPU
		{101D001D-C6B7-4AC4-B7E0-EDF490EBA20B}.Debug|Any CPU.Build.0 = Debug|Any CPU
		{101D001D-C6B7-4AC4-B7E0-EDF490EBA20B}.Release|Any CPU.ActiveCfg = Release|Any CPU
		{101D001D-C6B7-4AC4-B7E0-EDF490EBA20B}.Release|Any CPU.Build.0 = Release|Any CPU
	EndGlobalSection
	GlobalSection(SolutionProperties) = preSolution
		HideSolutionNode = FALSE
	EndGlobalSection
EndGlobal
